// !$*UTF8*$!
{
	archiveVersion = 1;
	classes = {
	};
	objectVersion = 42;
	objects = {

/* Begin PBXApplicationTarget section */
		7DE9CD1F078FD931000E1861 /* texture6 */ = {
			isa = PBXApplicationTarget;
			buildConfigurationList = 7DC8031813A59A9D00A47B9B /* Build configuration list for PBXApplicationTarget "texture6" */;
			buildPhases = (
				7DE9CD1A078FD931000E1861 /* Headers */,
				7DE9CD1B078FD931000E1861 /* Resources */,
				7DE9CD1C078FD931000E1861 /* Sources */,
				7DE9CD1D078FD931000E1861 /* Frameworks */,
				7DE9CD1E078FD931000E1861 /* Rez */,
			);
			dependencies = (
			);
			name = texture6;
			productInstallPath = "$(USER_APPS_DIR)";
			productName = texture6;
			productReference = 7DE9CD20078FD931000E1861 /* texture6.app */;
			productSettingsXML = "<?xml version=\"1.0\" encoding=\"UTF-8\"?>
<!DOCTYPE plist PUBLIC \"-//Apple//DTD PLIST 1.0//EN\" \"http://www.apple.com/DTDs/PropertyList-1.0.dtd\">
<plist version=\"1.0\">
<dict>
	<key>CFBundleDevelopmentRegion</key>
	<string>English</string>
	<key>CFBundleExecutable</key>
	<string></string>
	<key>CFBundleGetInfoString</key>
	<string></string>
	<key>CFBundleIconFile</key>
	<string></string>
	<key>CFBundleIdentifier</key>
	<string></string>
	<key>CFBundleInfoDictionaryVersion</key>
	<string>6.0</string>
	<key>CFBundleName</key>
	<string></string>
	<key>CFBundlePackageType</key>
	<string>APPL</string>
	<key>CFBundleShortVersionString</key>
	<string></string>
	<key>CFBundleSignature</key>
	<string>????</string>
	<key>CFBundleVersion</key>
	<string>0.0.1d1</string>
</dict>
</plist>
";
		};
/* End PBXApplicationTarget section */

/* Begin PBXBuildFile section */
		7DC8031D13A59AA300A47B9B /* box.h in Headers */ = {isa = PBXBuildFile; fileRef = 7DE9CD2A078FD98C000E1861 /* box.h */; };
		7DC8031E13A59AA300A47B9B /* trackball.h in Headers */ = {isa = PBXBuildFile; fileRef = 7DE9CD44078FD98C000E1861 /* trackball.h */; };
		7DC8032013A59AA300A47B9B /* room.raw in Resources */ = {isa = PBXBuildFile; fileRef = 7DE9CD40078FD98C000E1861 /* room.raw */; };
		7DC8032113A59AA300A47B9B /* tire.raw in Resources */ = {isa = PBXBuildFile; fileRef = 7DE9CD42078FD98C000E1861 /* tire.raw */; };
		7DC8032313A59AA300A47B9B /* box.cpp in Sources */ = {isa = PBXBuildFile; fileRef = 7DE9CD29078FD98C000E1861 /* box.cpp */; };
		7DC8032413A59AA300A47B9B /* main.cpp in Sources */ = {isa = PBXBuildFile; fileRef = 7DE9CD3E078FD98C000E1861 /* main.cpp */; };
		7DC8032513A59AA300A47B9B /* trackball.cpp in Sources */ = {isa = PBXBuildFile; fileRef = 7DE9CD43078FD98C000E1861 /* trackball.cpp */; };
		7DC8032713A59AA300A47B9B /* GLUT.framework in Frameworks */ = {isa = PBXBuildFile; fileRef = 7DE9CD23078FD94F000E1861 /* GLUT.framework */; };
		7DC8032813A59AA300A47B9B /* OpenGL.framework in Frameworks */ = {isa = PBXBuildFile; fileRef = 7DE9CD25078FD969000E1861 /* OpenGL.framework */; };
		7DC8032913A59AA300A47B9B /* Foundation.framework in Frameworks */ = {isa = PBXBuildFile; fileRef = 7DE9CD27078FD974000E1861 /* Foundation.framework */; };
		7DE9CD24078FD94F000E1861 /* GLUT.framework in Frameworks */ = {isa = PBXBuildFile; fileRef = 7DE9CD23078FD94F000E1861 /* GLUT.framework */; };
		7DE9CD26078FD969000E1861 /* OpenGL.framework in Frameworks */ = {isa = PBXBuildFile; fileRef = 7DE9CD25078FD969000E1861 /* OpenGL.framework */; };
		7DE9CD28078FD974000E1861 /* Foundation.framework in Frameworks */ = {isa = PBXBuildFile; fileRef = 7DE9CD27078FD974000E1861 /* Foundation.framework */; };
		7DE9CD45078FD98C000E1861 /* box.cpp in Sources */ = {isa = PBXBuildFile; fileRef = 7DE9CD29078FD98C000E1861 /* box.cpp */; };
		7DE9CD46078FD98C000E1861 /* box.h in Headers */ = {isa = PBXBuildFile; fileRef = 7DE9CD2A078FD98C000E1861 /* box.h */; };
		7DE9CD48078FD98C000E1861 /* main.cpp in Sources */ = {isa = PBXBuildFile; fileRef = 7DE9CD3E078FD98C000E1861 /* main.cpp */; };
		7DE9CD4A078FD98C000E1861 /* room.raw in Resources */ = {isa = PBXBuildFile; fileRef = 7DE9CD40078FD98C000E1861 /* room.raw */; };
		7DE9CD4C078FD98C000E1861 /* tire.raw in Resources */ = {isa = PBXBuildFile; fileRef = 7DE9CD42078FD98C000E1861 /* tire.raw */; };
		7DE9CD4D078FD98C000E1861 /* trackball.cpp in Sources */ = {isa = PBXBuildFile; fileRef = 7DE9CD43078FD98C000E1861 /* trackball.cpp */; };
		7DE9CD4E078FD98C000E1861 /* trackball.h in Headers */ = {isa = PBXBuildFile; fileRef = 7DE9CD44078FD98C000E1861 /* trackball.h */; };
/* End PBXBuildFile section */

/* Begin PBXFileReference section */
		7DC8032F13A59AA300A47B9B /* Info-texture6_____________.plist */ = {isa = PBXFileReference; lastKnownFileType = text.plist.xml; path = "Info-texture6_____________.plist"; sourceTree = "<group>"; };
		7DC8033013A59AA300A47B9B /* texture6.app */ = {isa = PBXFileReference; explicitFileType = wrapper.application; includeInIndex = 0; path = texture6.app; sourceTree = BUILT_PRODUCTS_DIR; };
		7DE9CD20078FD931000E1861 /* texture6.app */ = {isa = PBXFileReference; explicitFileType = wrapper.application; includeInIndex = 0; path = texture6.app; sourceTree = BUILT_PRODUCTS_DIR; };
		7DE9CD23078FD94F000E1861 /* GLUT.framework */ = {isa = PBXFileReference; lastKnownFileType = wrapper.framework; name = GLUT.framework; path = /System/Library/Frameworks/GLUT.framework; sourceTree = "<absolute>"; };
		7DE9CD25078FD969000E1861 /* OpenGL.framework */ = {isa = PBXFileReference; lastKnownFileType = wrapper.framework; name = OpenGL.framework; path = /System/Library/Frameworks/OpenGL.framework; sourceTree = "<absolute>"; };
		7DE9CD27078FD974000E1861 /* Foundation.framework */ = {isa = PBXFileReference; lastKnownFileType = wrapper.framework; name = Foundation.framework; path = /System/Library/Frameworks/Foundation.framework; sourceTree = "<absolute>"; };
		7DE9CD29078FD98C000E1861 /* box.cpp */ = {isa = PBXFileReference; fileEncoding = 18446744071562067968; lastKnownFileType = sourcecode.cpp.cpp; path = box.cpp; sourceTree = "<group>"; };
		7DE9CD2A078FD98C000E1861 /* box.h */ = {isa = PBXFileReference; fileEncoding = 18446744071562067968; lastKnownFileType = sourcecode.c.h; path = box.h; sourceTree = "<group>"; };
		7DE9CD3E078FD98C000E1861 /* main.cpp */ = {isa = PBXFileReference; fileEncoding = 18446744071562067968; lastKnownFileType = sourcecode.cpp.cpp; path = main.cpp; sourceTree = "<group>"; };
		7DE9CD40078FD98C000E1861 /* room.raw */ = {isa = PBXFileReference; lastKnownFileType = file; path = room.raw; sourceTree = "<group>"; };
		7DE9CD42078FD98C000E1861 /* tire.raw */ = {isa = PBXFileReference; lastKnownFileType = file; path = tire.raw; sourceTree = "<group>"; };
		7DE9CD43078FD98C000E1861 /* trackball.cpp */ = {isa = PBXFileReference; fileEncoding = 18446744071562067968; lastKnownFileType = sourcecode.cpp.cpp; path = trackball.cpp; sourceTree = "<group>"; };
		7DE9CD44078FD98C000E1861 /* trackball.h */ = {isa = PBXFileReference; fileEncoding = 18446744071562067968; lastKnownFileType = sourcecode.c.h; path = trackball.h; sourceTree = "<group>"; };
/* End PBXFileReference section */

/* Begin PBXFrameworksBuildPhase section */
		7DC8032613A59AA300A47B9B /* Frameworks */ = {
			isa = PBXFrameworksBuildPhase;
			buildActionMask = 2147483647;
			files = (
				7DC8032713A59AA300A47B9B /* GLUT.framework in Frameworks */,
				7DC8032813A59AA300A47B9B /* OpenGL.framework in Frameworks */,
				7DC8032913A59AA300A47B9B /* Foundation.framework in Frameworks */,
			);
			runOnlyForDeploymentPostprocessing = 0;
		};
		7DE9CD1D078FD931000E1861 /* Frameworks */ = {
			isa = PBXFrameworksBuildPhase;
			buildActionMask = 2147483647;
			files = (
				7DE9CD24078FD94F000E1861 /* GLUT.framework in Frameworks */,
				7DE9CD26078FD969000E1861 /* OpenGL.framework in Frameworks */,
				7DE9CD28078FD974000E1861 /* Foundation.framework in Frameworks */,
			);
			runOnlyForDeploymentPostprocessing = 0;
		};
/* End PBXFrameworksBuildPhase section */

/* Begin PBXGroup section */
		7DE9CD12078FD920000E1861 = {
			isa = PBXGroup;
			children = (
				7DE9CD29078FD98C000E1861 /* box.cpp */,
				7DE9CD2A078FD98C000E1861 /* box.h */,
				7DE9CD3E078FD98C000E1861 /* main.cpp */,
				7DE9CD40078FD98C000E1861 /* room.raw */,
				7DE9CD42078FD98C000E1861 /* tire.raw */,
				7DE9CD43078FD98C000E1861 /* trackball.cpp */,
				7DE9CD44078FD98C000E1861 /* trackball.h */,
				7DE9CD27078FD974000E1861 /* Foundation.framework */,
				7DE9CD25078FD969000E1861 /* OpenGL.framework */,
				7DE9CD23078FD94F000E1861 /* GLUT.framework */,
				7DE9CD21078FD931000E1861 /* Products */,
				7DC8032F13A59AA300A47B9B /* Info-texture6_____________.plist */,
			);
			sourceTree = "<group>";
		};
		7DE9CD21078FD931000E1861 /* Products */ = {
			isa = PBXGroup;
			children = (
				7DE9CD20078FD931000E1861 /* texture6.app */,
				7DC8033013A59AA300A47B9B /* texture6.app */,
			);
			name = Products;
			sourceTree = "<group>";
		};
/* End PBXGroup section */

/* Begin PBXHeadersBuildPhase section */
		7DC8031C13A59AA300A47B9B /* Headers */ = {
			isa = PBXHeadersBuildPhase;
			buildActionMask = 2147483647;
			files = (
				7DC8031D13A59AA300A47B9B /* box.h in Headers */,
				7DC8031E13A59AA300A47B9B /* trackball.h in Headers */,
			);
			runOnlyForDeploymentPostprocessing = 0;
		};
		7DE9CD1A078FD931000E1861 /* Headers */ = {
			isa = PBXHeadersBuildPhase;
			buildActionMask = 2147483647;
			files = (
				7DE9CD46078FD98C000E1861 /* box.h in Headers */,
				7DE9CD4E078FD98C000E1861 /* trackball.h in Headers */,
			);
			runOnlyForDeploymentPostprocessing = 0;
		};
/* End PBXHeadersBuildPhase section */

/* Begin PBXNativeTarget section */
		7DC8031B13A59AA300A47B9B /* texture6（アップグレードしました） */ = {
			isa = PBXNativeTarget;
			buildConfigurationList = 7DC8032B13A59AA300A47B9B /* Build configuration list for PBXNativeTarget "texture6（アップグレードしました）" */;
			buildPhases = (
				7DC8031C13A59AA300A47B9B /* Headers */,
				7DC8031F13A59AA300A47B9B /* Resources */,
				7DC8032213A59AA300A47B9B /* Sources */,
				7DC8032613A59AA300A47B9B /* Frameworks */,
				7DC8032A13A59AA300A47B9B /* Rez */,
			);
			buildRules = (
			);
			dependencies = (
			);
			name = "texture6（アップグレードしました）";
			productInstallPath = "$(USER_APPS_DIR)";
			productName = texture6;
			productReference = 7DC8033013A59AA300A47B9B /* texture6.app */;
			productType = "com.apple.product-type.application";
		};
/* End PBXNativeTarget section */

/* Begin PBXProject section */
		7DE9CD16078FD920000E1861 /* Project object */ = {
			isa = PBXProject;
			buildConfigurationList = 7DC8031713A59A9D00A47B9B /* Build configuration list for PBXProject "texture6" */;
			compatibilityVersion = "Xcode 2.4";
			developmentRegion = English;
			hasScannedForEncodings = 0;
			knownRegions = (
				English,
				Japanese,
				French,
				German,
			);
			mainGroup = 7DE9CD12078FD920000E1861;
			productRefGroup = 7DE9CD21078FD931000E1861 /* Products */;
			projectDirPath = "";
			projectRoot = "";
			targets = (
				7DC8031B13A59AA300A47B9B /* texture6（アップグレードしました） */,
				7DE9CD1F078FD931000E1861 /* texture6 */,
			);
		};
/* End PBXProject section */

/* Begin PBXResourcesBuildPhase section */
		7DC8031F13A59AA300A47B9B /* Resources */ = {
			isa = PBXResourcesBuildPhase;
			buildActionMask = 2147483647;
			files = (
				7DC8032013A59AA300A47B9B /* room.raw in Resources */,
				7DC8032113A59AA300A47B9B /* tire.raw in Resources */,
			);
			runOnlyForDeploymentPostprocessing = 0;
		};
		7DE9CD1B078FD931000E1861 /* Resources */ = {
			isa = PBXResourcesBuildPhase;
			buildActionMask = 2147483647;
			files = (
				7DE9CD4A078FD98C000E1861 /* room.raw in Resources */,
				7DE9CD4C078FD98C000E1861 /* tire.raw in Resources */,
			);
			runOnlyForDeploymentPostprocessing = 0;
		};
/* End PBXResourcesBuildPhase section */

/* Begin PBXRezBuildPhase section */
		7DC8032A13A59AA300A47B9B /* Rez */ = {
			isa = PBXRezBuildPhase;
			buildActionMask = 2147483647;
			files = (
			);
			runOnlyForDeploymentPostprocessing = 0;
		};
		7DE9CD1E078FD931000E1861 /* Rez */ = {
			isa = PBXRezBuildPhase;
			buildActionMask = 2147483647;
			files = (
			);
			runOnlyForDeploymentPostprocessing = 0;
		};
/* End PBXRezBuildPhase section */

/* Begin PBXSourcesBuildPhase section */
		7DC8032213A59AA300A47B9B /* Sources */ = {
			isa = PBXSourcesBuildPhase;
			buildActionMask = 2147483647;
			files = (
				7DC8032313A59AA300A47B9B /* box.cpp in Sources */,
				7DC8032413A59AA300A47B9B /* main.cpp in Sources */,
				7DC8032513A59AA300A47B9B /* trackball.cpp in Sources */,
			);
			runOnlyForDeploymentPostprocessing = 0;
		};
		7DE9CD1C078FD931000E1861 /* Sources */ = {
			isa = PBXSourcesBuildPhase;
			buildActionMask = 2147483647;
			files = (
				7DE9CD45078FD98C000E1861 /* box.cpp in Sources */,
				7DE9CD48078FD98C000E1861 /* main.cpp in Sources */,
				7DE9CD4D078FD98C000E1861 /* trackball.cpp in Sources */,
			);
			runOnlyForDeploymentPostprocessing = 0;
		};
/* End PBXSourcesBuildPhase section */

/* Begin XCBuildConfiguration section */
		7DC8031113A59A9D00A47B9B /* Development */ = {
			isa = XCBuildConfiguration;
			buildSettings = {
			};
			name = Development;
		};
		7DC8031213A59A9D00A47B9B /* Deployment */ = {
			isa = XCBuildConfiguration;
			buildSettings = {
			};
			name = Deployment;
		};
		7DC8031313A59A9D00A47B9B /* Default */ = {
			isa = XCBuildConfiguration;
			buildSettings = {
			};
			name = Default;
		};
		7DC8031413A59A9D00A47B9B /* Development */ = {
			isa = XCBuildConfiguration;
			buildSettings = {
				COPY_PHASE_STRIP = NO;
				OTHER_CFLAGS = "";
				OTHER_LDFLAGS = "";
				OTHER_REZFLAGS = "";
				PRODUCT_NAME = texture6;
				SECTORDER_FLAGS = "";
				WARNING_CFLAGS = (
					"-Wmost",
					"-Wno-four-char-constants",
					"-Wno-unknown-pragmas",
				);
				WRAPPER_EXTENSION = app;
			};
			name = Development;
		};
		7DC8031513A59A9D00A47B9B /* Deployment */ = {
			isa = XCBuildConfiguration;
			buildSettings = {
				COPY_PHASE_STRIP = YES;
				OTHER_CFLAGS = "";
				OTHER_LDFLAGS = "";
				OTHER_REZFLAGS = "";
				PRODUCT_NAME = texture6;
				SECTORDER_FLAGS = "";
				WARNING_CFLAGS = (
					"-Wmost",
					"-Wno-four-char-constants",
					"-Wno-unknown-pragmas",
				);
				WRAPPER_EXTENSION = app;
			};
			name = Deployment;
		};
		7DC8031613A59A9D00A47B9B /* Default */ = {
			isa = XCBuildConfiguration;
			buildSettings = {
				OTHER_CFLAGS = "";
				OTHER_LDFLAGS = "";
				OTHER_REZFLAGS = "";
				PRODUCT_NAME = texture6;
				SECTORDER_FLAGS = "";
				WARNING_CFLAGS = (
					"-Wmost",
					"-Wno-four-char-constants",
					"-Wno-unknown-pragmas",
				);
				WRAPPER_EXTENSION = app;
			};
			name = Default;
		};
		7DC8032C13A59AA300A47B9B /* Development */ = {
			isa = XCBuildConfiguration;
			buildSettings = {
				COPY_PHASE_STRIP = NO;
				GCC_SYMBOLS_PRIVATE_EXTERN = NO;
				INFOPLIST_FILE = "Info-texture6_____________.plist";
				OTHER_CFLAGS = "";
				OTHER_LDFLAGS = "";
				OTHER_REZFLAGS = "";
				PRODUCT_NAME = texture6;
				SECTORDER_FLAGS = "";
				WARNING_CFLAGS = (
					"-Wmost",
					"-Wno-four-char-constants",
					"-Wno-unknown-pragmas",
				);
				WRAPPER_EXTENSION = app;
			};
			name = Development;
		};
		7DC8032D13A59AA300A47B9B /* Deployment */ = {
			isa = XCBuildConfiguration;
			buildSettings = {
				COPY_PHASE_STRIP = YES;
				GCC_SYMBOLS_PRIVATE_EXTERN = NO;
				INFOPLIST_FILE = "Info-texture6_____________.plist";
				OTHER_CFLAGS = "";
				OTHER_LDFLAGS = "";
				OTHER_REZFLAGS = "";
				PRODUCT_NAME = texture6;
				SECTORDER_FLAGS = "";
				WARNING_CFLAGS = (
					"-Wmost",
					"-Wno-four-char-constants",
					"-Wno-unknown-pragmas",
				);
				WRAPPER_EXTENSION = app;
			};
			name = Deployment;
		};
		7DC8032E13A59AA300A47B9B /* Default */ = {
			isa = XCBuildConfiguration;
			buildSettings = {
				GCC_SYMBOLS_PRIVATE_EXTERN = NO;
				INFOPLIST_FILE = "Info-texture6_____________.plist";
				OTHER_CFLAGS = "";
				OTHER_LDFLAGS = "";
				OTHER_REZFLAGS = "";
				PRODUCT_NAME = texture6;
				SECTORDER_FLAGS = "";
				WARNING_CFLAGS = (
					"-Wmost",
					"-Wno-four-char-constants",
					"-Wno-unknown-pragmas",
				);
				WRAPPER_EXTENSION = app;
			};
			name = Default;
		};
/* End XCBuildConfiguration section */

/* Begin XCConfigurationList section */
		7DC8031713A59A9D00A47B9B /* Build configuration list for PBXProject "texture6" */ = {
			isa = XCConfigurationList;
			buildConfigurations = (
				7DC8031113A59A9D00A47B9B /* Development */,
				7DC8031213A59A9D00A47B9B /* Deployment */,
				7DC8031313A59A9D00A47B9B /* Default */,
			);
			defaultConfigurationIsVisible = 0;
			defaultConfigurationName = Default;
		};
		7DC8031813A59A9D00A47B9B /* Build configuration list for PBXApplicationTarget "texture6" */ = {
			isa = XCConfigurationList;
			buildConfigurations = (
				7DC8031413A59A9D00A47B9B /* Development */,
				7DC8031513A59A9D00A47B9B /* Deployment */,
				7DC8031613A59A9D00A47B9B /* Default */,
			);
			defaultConfigurationIsVisible = 0;
			defaultConfigurationName = Default;
		};
		7DC8032B13A59AA300A47B9B /* Build configuration list for PBXNativeTarget "texture6（アップグレードしました）" */ = {
			isa = XCConfigurationList;
			buildConfigurations = (
				7DC8032C13A59AA300A47B9B /* Development */,
				7DC8032D13A59AA300A47B9B /* Deployment */,
				7DC8032E13A59AA300A47B9B /* Default */,
			);
			defaultConfigurationIsVisible = 0;
			defaultConfigurationName = Default;
		};
/* End XCConfigurationList section */
	};
	rootObject = 7DE9CD16078FD920000E1861 /* Project object */;
}
